{
  "requires": true,
  "lockfileVersion": 1,
  "dependencies": {
    "hint.css": {
      "version": "2.7.0",
      "resolved": "https://registry.npmjs.org/hint.css/-/hint.css-2.7.0.tgz",
      "integrity": "sha512-kNtr/oXTOFA+qYLFAHY1dKVKZuAbavCPB22+w9kaFzqjB9ZLSFJyksxrVsJCphQiQxAYLazXZdrOaGLRe0hZMA=="
    },
    "jbox": {
      "version": "1.3.3",
      "resolved": "https://registry.npmjs.org/jbox/-/jbox-1.3.3.tgz",
      "integrity": "sha512-aayuZDf4Dc3w/adEdixUetNxJMIbThgt3r9Gfsxh8rWqBBEM3ODKON3YWSwpjgy7BzUHQjIeZ2sdPwV8RSVW6w==",
      "requires": {
        "jquery": "^3.6.0"
      }
    },
    "jquery": {
      "version": "3.6.0",
      "resolved": "https://registry.npmjs.org/jquery/-/jquery-3.6.0.tgz",
      "integrity": "sha512-JVzAR/AjBvVt2BmYhxRCSYysDsPcssdmTFnzyLEts9qNwmjmu4JTAMYubEfwVOSwpQ1I1sKKFcxhZCI2buerfw=="
    }
  }
}
